<?xml version="1.0" encoding="utf-8"?>
<Project ToolsVersion="4.0" xmlns="http://schemas.microsoft.com/developer/msbuild/2003">
  <ItemGroup>
    <Filter Include="Header Files">
      <UniqueIdentifier>{621874d7-ebb2-47fd-b4e2-a94421f6cfc2}</UniqueIdentifier>
    </Filter>
    <Filter Include="Source">
      <UniqueIdentifier>{994262c3-5e75-44ab-ae97-8ad554dac9a6}</UniqueIdentifier>
    </Filter>
  </ItemGroup>
  <ItemGroup>
    <ClCompile Include="main.cpp">
      <Filter>Source</Filter>
    </ClCompile>
    <ClCompile Include="runGame.cpp">
      <Filter>Source</Filter>
    </ClCompile>
    <ClCompile Include="initGame.cpp">
      <Filter>Source</Filter>
    </ClCompile>
    <ClCompile Include="menu.cpp">
      <Filter>Source</Filter>
    </ClCompile>
    <ClCompile Include="game.cpp">
      <Filter>Source</Filter>
    </ClCompile>
    <ClCompile Include="howToPlay.cpp">
      <Filter>Source</Filter>
    </ClCompile>
    <ClCompile Include="credits.cpp">
      <Filter>Source</Filter>
    </ClCompile>
  </ItemGroup>
  <ItemGroup>
    <ClInclude Include="runGame.h">
      <Filter>Header Files</Filter>
    </ClInclude>
    <ClInclude Include="header.h">
      <Filter>Header Files</Filter>
    </ClInclude>
    <ClInclude Include="initGame.h">
      <Filter>Header Files</Filter>
    </ClInclude>
    <ClInclude Include="menu.h">
      <Filter>Header Files</Filter>
    </ClInclude>
    <ClInclude Include="game.h">
      <Filter>Header Files</Filter>
    </ClInclude>
    <ClInclude Include="howToPlay.h">
      <Filter>Header Files</Filter>
    </ClInclude>
    <ClInclude Include="credits.h">
      <Filter>Header Files</Filter>
    </ClInclude>
  </ItemGroup>
</Project>